// !$*UTF8*$!
{
	archiveVersion = 1;
	classes = {
	};
	objectVersion = 77;
	objects = {

/* Begin PBXContainerItemProxy section */
		D92A7D5D2CB9971800AE2FF6 /* PBXContainerItemProxy */ = {
			isa = PBXContainerItemProxy;
			containerPortal = D92A7D442CB996E400AE2FF6 /* Project object */;
			proxyType = 1;
			remoteGlobalIDString = D92A7D4B2CB996E400AE2FF6;
			remoteInfo = hellerWorld;
		};
		D92A7D672CB9971800AE2FF6 /* PBXContainerItemProxy */ = {
			isa = PBXContainerItemProxy;
			containerPortal = D92A7D442CB996E400AE2FF6 /* Project object */;
			proxyType = 1;
			remoteGlobalIDString = D92A7D4B2CB996E400AE2FF6;
			remoteInfo = hellerWorld;
		};
/* End PBXContainerItemProxy section */

/* Begin PBXFileReference section */
		D92A7D4C2CB996E400AE2FF6 /* hellerWorld.app */ = {isa = PBXFileReference; explicitFileType = wrapper.application; includeInIndex = 0; path = hellerWorld.app; sourceTree = BUILT_PRODUCTS_DIR; };
		D92A7D5C2CB9971800AE2FF6 /* hellerWorldTests.xctest */ = {isa = PBXFileReference; explicitFileType = wrapper.cfbundle; includeInIndex = 0; path = hellerWorldTests.xctest; sourceTree = BUILT_PRODUCTS_DIR; };
		D92A7D662CB9971800AE2FF6 /* hellerWorldUITests.xctest */ = {isa = PBXFileReference; explicitFileType = wrapper.cfbundle; includeInIndex = 0; path = hellerWorldUITests.xctest; sourceTree = BUILT_PRODUCTS_DIR; };
/* End PBXFileReference section */

/* Begin PBXFileSystemSynchronizedRootGroup section */
		D92A7D4E2CB996E400AE2FF6 /* hellerWorld */ = {
			isa = PBXFileSystemSynchronizedRootGroup;
			path = hellerWorld;
			sourceTree = "<group>";
		};
		D92A7D5F2CB9971800AE2FF6 /* hellerWorldTests */ = {
			isa = PBXFileSystemSynchronizedRootGroup;
			path = hellerWorldTests;
			sourceTree = "<group>";
		};
		D92A7D692CB9971800AE2FF6 /* hellerWorldUITests */ = {
			isa = PBXFileSystemSynchronizedRootGroup;
			path = hellerWorldUITests;
			sourceTree = "<group>";
		};
/* End PBXFileSystemSynchronizedRootGroup section */

/* Begin PBXFrameworksBuildPhase section */
		D92A7D492CB996E400AE2FF6 /* Frameworks */ = {
			isa = PBXFrameworksBuildPhase;
			buildActionMask = 2147483647;
			files = (
			);
			runOnlyForDeploymentPostprocessing = 0;
		};
		D92A7D592CB9971800AE2FF6 /* Frameworks */ = {
			isa = PBXFrameworksBuildPhase;
			buildActionMask = 2147483647;
			files = (
			);
			runOnlyForDeploymentPostprocessing = 0;
		};
		D92A7D632CB9971800AE2FF6 /* Frameworks */ = {
			isa = PBXFrameworksBuildPhase;
			buildActionMask = 2147483647;
			files = (
			);
			runOnlyForDeploymentPostprocessing = 0;
		};
/* End PBXFrameworksBuildPhase section */

/* Begin PBXGroup section */
		D92A7D432CB996E400AE2FF6 = {
			isa = PBXGroup;
			children = (
				D92A7D4E2CB996E400AE2FF6 /* hellerWorld */,
				D92A7D5F2CB9971800AE2FF6 /* hellerWorldTests */,
				D92A7D692CB9971800AE2FF6 /* hellerWorldUITests */,
				D92A7D4D2CB996E400AE2FF6 /* Products */,
			);
			sourceTree = "<group>";
		};
		D92A7D4D2CB996E400AE2FF6 /* Products */ = {
			isa = PBXGroup;
			children = (
				D92A7D4C2CB996E400AE2FF6 /* hellerWorld.app */,
				D92A7D5C2CB9971800AE2FF6 /* hellerWorldTests.xctest */,
				D92A7D662CB9971800AE2FF6 /* hellerWorldUITests.xctest */,
			);
			name = Products;
			sourceTree = "<group>";
		};
/* End PBXGroup section */

/* Begin PBXNativeTarget section */
		D92A7D4B2CB996E400AE2FF6 /* hellerWorld */ = {
			isa = PBXNativeTarget;
			buildConfigurationList = D92A7D702CB9971800AE2FF6 /* Build configuration list for PBXNativeTarget "hellerWorld" */;
			buildPhases = (
				D92A7D482CB996E400AE2FF6 /* Sources */,
				D92A7D492CB996E400AE2FF6 /* Frameworks */,
				D92A7D4A2CB996E400AE2FF6 /* Resources */,
			);
			buildRules = (
			);
			dependencies = (
			);
			fileSystemSynchronizedGroups = (
				D92A7D4E2CB996E400AE2FF6 /* hellerWorld */,
			);
			name = hellerWorld;
			packageProductDependencies = (
			);
			productName = hellerWorld;
			productReference = D92A7D4C2CB996E400AE2FF6 /* hellerWorld.app */;
			productType = "com.apple.product-type.application";
		};
		D92A7D5B2CB9971800AE2FF6 /* hellerWorldTests */ = {
			isa = PBXNativeTarget;
			buildConfigurationList = D92A7D732CB9971800AE2FF6 /* Build configuration list for PBXNativeTarget "hellerWorldTests" */;
			buildPhases = (
				D92A7D582CB9971800AE2FF6 /* Sources */,
				D92A7D592CB9971800AE2FF6 /* Frameworks */,
				D92A7D5A2CB9971800AE2FF6 /* Resources */,
			);
			buildRules = (
			);
			dependencies = (
				D92A7D5E2CB9971800AE2FF6 /* PBXTargetDependency */,
			);
			fileSystemSynchronizedGroups = (
				D92A7D5F2CB9971800AE2FF6 /* hellerWorldTests */,
			);
			name = hellerWorldTests;
			packageProductDependencies = (
			);
			productName = hellerWorldTests;
			productReference = D92A7D5C2CB9971800AE2FF6 /* hellerWorldTests.xctest */;
			productType = "com.apple.product-type.bundle.unit-test";
		};
		D92A7D652CB9971800AE2FF6 /* hellerWorldUITests */ = {
			isa = PBXNativeTarget;
			buildConfigurationList = D92A7D762CB9971800AE2FF6 /* Build configuration list for PBXNativeTarget "hellerWorldUITests" */;
			buildPhases = (
				D92A7D622CB9971800AE2FF6 /* Sources */,
				D92A7D632CB9971800AE2FF6 /* Frameworks */,
				D92A7D642CB9971800AE2FF6 /* Resources */,
			);
			buildRules = (
			);
			dependencies = (
				D92A7D682CB9971800AE2FF6 /* PBXTargetDependency */,
			);
			fileSystemSynchronizedGroups = (
				D92A7D692CB9971800AE2FF6 /* hellerWorldUITests */,
			);
			name = hellerWorldUITests;
			packageProductDependencies = (
			);
			productName = hellerWorldUITests;
			productReference = D92A7D662CB9971800AE2FF6 /* hellerWorldUITests.xctest */;
			productType = "com.apple.product-type.bundle.ui-testing";
		};
/* End PBXNativeTarget section */

/* Begin PBXProject section */
		D92A7D442CB996E400AE2FF6 /* Project object */ = {
			isa = PBXProject;
			attributes = {
				BuildIndependentTargetsInParallel = 1;
				LastSwiftUpdateCheck = 1600;
				LastUpgradeCheck = 1600;
				TargetAttributes = {
					D92A7D4B2CB996E400AE2FF6 = {
						CreatedOnToolsVersion = 16.0;
					};
					D92A7D5B2CB9971800AE2FF6 = {
						CreatedOnToolsVersion = 16.0;
						TestTargetID = D92A7D4B2CB996E400AE2FF6;
					};
					D92A7D652CB9971800AE2FF6 = {
						CreatedOnToolsVersion = 16.0;
						TestTargetID = D92A7D4B2CB996E400AE2FF6;
					};
				};
			};
			buildConfigurationList = D92A7D472CB996E400AE2FF6 /* Build configuration list for PBXProject "hellerWorld" */;
			developmentRegion = en;
			hasScannedForEncodings = 0;
			knownRegions = (
				en,
				Base,
			);
			mainGroup = D92A7D432CB996E400AE2FF6;
			minimizedProjectReferenceProxies = 1;
			preferredProjectObjectVersion = 77;
			productRefGroup = D92A7D4D2CB996E400AE2FF6 /* Products */;
			projectDirPath = "";
			projectRoot = "";
			targets = (
				D92A7D4B2CB996E400AE2FF6 /* hellerWorld */,
				D92A7D5B2CB9971800AE2FF6 /* hellerWorldTests */,
				D92A7D652CB9971800AE2FF6 /* hellerWorldUITests */,
			);
		};
/* End PBXProject section */

/* Begin PBXResourcesBuildPhase section */
		D92A7D4A2CB996E400AE2FF6 /* Resources */ = {
			isa = PBXResourcesBuildPhase;
			buildActionMask = 2147483647;
			files = (
			);
			runOnlyForDeploymentPostprocessing = 0;
		};
		D92A7D5A2CB9971800AE2FF6 /* Resources */ = {
			isa = PBXResourcesBuildPhase;
			buildActionMask = 2147483647;
			files = (
			);
			runOnlyForDeploymentPostprocessing = 0;
		};
		D92A7D642CB9971800AE2FF6 /* Resources */ = {
			isa = PBXResourcesBuildPhase;
			buildActionMask = 2147483647;
			files = (
			);
			runOnlyForDeploymentPostprocessing = 0;
		};
/* End PBXResourcesBuildPhase section */

/* Begin PBXSourcesBuildPhase section */
		D92A7D482CB996E400AE2FF6 /* Sources */ = {
			isa = PBXSourcesBuildPhase;
			buildActionMask = 2147483647;
			files = (
			);
			runOnlyForDeploymentPostprocessing = 0;
		};
		D92A7D582CB9971800AE2FF6 /* Sources */ = {
			isa = PBXSourcesBuildPhase;
			buildActionMask = 2147483647;
			files = (
			);
			runOnlyForDeploymentPostprocessing = 0;
		};
		D92A7D622CB9971800AE2FF6 /* Sources */ = {
			isa = PBXSourcesBuildPhase;
			buildActionMask = 2147483647;
			files = (
			);
			runOnlyForDeploymentPostprocessing = 0;
		};
/* End PBXSourcesBuildPhase section */

/* Begin PBXTargetDependency section */
		D92A7D5E2CB9971800AE2FF6 /* PBXTargetDependency */ = {
			isa = PBXTargetDependency;
			target = D92A7D4B2CB996E400AE2FF6 /* hellerWorld */;
			targetProxy = D92A7D5D2CB9971800AE2FF6 /* PBXContainerItemProxy */;
		};
		D92A7D682CB9971800AE2FF6 /* PBXTargetDependency */ = {
			isa = PBXTargetDependency;
			target = D92A7D4B2CB996E400AE2FF6 /* hellerWorld */;
			targetProxy = D92A7D672CB9971800AE2FF6 /* PBXContainerItemProxy */;
		};
/* End PBXTargetDependency section */

/* Begin XCBuildConfiguration section */
		D92A7D6E2CB9971800AE2FF6 /* Debug */ = {
			isa = XCBuildConfiguration;
			buildSettings = {
				ALWAYS_SEARCH_USER_PATHS = NO;
				ASSETCATALOG_COMPILER_GENERATE_SWIFT_ASSET_SYMBOL_EXTENSIONS = YES;
				CLANG_ANALYZER_NONNULL = YES;
				CLANG_ANALYZER_NUMBER_OBJECT_CONVERSION = YES_AGGRESSIVE;
				CLANG_CXX_LANGUAGE_STANDARD = "gnu++20";
				CLANG_ENABLE_MODULES = YES;
				CLANG_ENABLE_OBJC_ARC = YES;
				CLANG_ENABLE_OBJC_WEAK = YES;
				CLANG_WARN_BLOCK_CAPTURE_AUTORELEASING = YES;
				CLANG_WARN_BOOL_CONVERSION = YES;
				CLANG_WARN_COMMA = YES;
				CLANG_WARN_CONSTANT_CONVERSION = YES;
				CLANG_WARN_DEPRECATED_OBJC_IMPLEMENTATIONS = YES;
				CLANG_WARN_DIRECT_OBJC_ISA_USAGE = YES_ERROR;
				CLANG_WARN_DOCUMENTATION_COMMENTS = YES;
				CLANG_WARN_EMPTY_BODY = YES;
				CLANG_WARN_ENUM_CONVERSION = YES;
				CLANG_WARN_INFINITE_RECURSION = YES;
				CLANG_WARN_INT_CONVERSION = YES;
				CLANG_WARN_NON_LITERAL_NULL_CONVERSION = YES;
				CLANG_WARN_OBJC_IMPLICIT_RETAIN_SELF = YES;
				CLANG_WARN_OBJC_LITERAL_CONVERSION = YES;
				CLANG_WARN_OBJC_ROOT_CLASS = YES_ERROR;
				CLANG_WARN_QUOTED_INCLUDE_IN_FRAMEWORK_HEADER = YES;
				CLANG_WARN_RANGE_LOOP_ANALYSIS = YES;
				CLANG_WARN_STRICT_PROTOTYPES = YES;
				CLANG_WARN_SUSPICIOUS_MOVE = YES;
				CLANG_WARN_UNGUARDED_AVAILABILITY = YES_AGGRESSIVE;
				CLANG_WARN_UNREACHABLE_CODE = YES;
				CLANG_WARN__DUPLICATE_METHOD_MATCH = YES;
				COPY_PHASE_STRIP = NO;
				DEBUG_INFORMATION_FORMAT = dwarf;
				ENABLE_STRICT_OBJC_MSGSEND = YES;
				ENABLE_TESTABILITY = YES;
				ENABLE_USER_SCRIPT_SANDBOXING = YES;
				GCC_C_LANGUAGE_STANDARD = gnu17;
				GCC_DYNAMIC_NO_PIC = NO;
				GCC_NO_COMMON_BLOCKS = YES;
				GCC_OPTIMIZATION_LEVEL = 0;
				GCC_PREPROCESSOR_DEFINITIONS = (
					"DEBUG=1",
					"$(inherited)",
				);
				GCC_WARN_64_TO_32_BIT_CONVERSION = YES;
				GCC_WARN_ABOUT_RETURN_TYPE = YES_ERROR;
				GCC_WARN_UNDECLARED_SELECTOR = YES;
				GCC_WARN_UNINITIALIZED_AUTOS = YES_AGGRESSIVE;
				GCC_WARN_UNUSED_FUNCTION = YES;
				GCC_WARN_UNUSED_VARIABLE = YES;
				IPHONEOS_DEPLOYMENT_TARGET = 18.0;
				LOCALIZATION_PREFERS_STRING_CATALOGS = YES;
				MTL_ENABLE_DEBUG_INFO = INCLUDE_SOURCE;
				MTL_FAST_MATH = YES;
				ONLY_ACTIVE_ARCH = YES;
				SDKROOT = iphoneos;
				SWIFT_ACTIVE_COMPILATION_CONDITIONS = "DEBUG $(inherited)";
				SWIFT_OPTIMIZATION_LEVEL = "-Onone";
			};
			name = Debug;
		};
		D92A7D6F2CB9971800AE2FF6 /* Release */ = {
			isa = XCBuildConfiguration;
			buildSettings = {
				ALWAYS_SEARCH_USER_PATHS = NO;
				ASSETCATALOG_COMPILER_GENERATE_SWIFT_ASSET_SYMBOL_EXTENSIONS = YES;
				CLANG_ANALYZER_NONNULL = YES;
				CLANG_ANALYZER_NUMBER_OBJECT_CONVERSION = YES_AGGRESSIVE;
				CLANG_CXX_LANGUAGE_STANDARD = "gnu++20";
				CLANG_ENABLE_MODULES = YES;
				CLANG_ENABLE_OBJC_ARC = YES;
				CLANG_ENABLE_OBJC_WEAK = YES;
				CLANG_WARN_BLOCK_CAPTURE_AUTORELEASING = YES;
				CLANG_WARN_BOOL_CONVERSION = YES;
				CLANG_WARN_COMMA = YES;
				CLANG_WARN_CONSTANT_CONVERSION = YES;
				CLANG_WARN_DEPRECATED_OBJC_IMPLEMENTATIONS = YES;
				CLANG_WARN_DIRECT_OBJC_ISA_USAGE = YES_ERROR;
				CLANG_WARN_DOCUMENTATION_COMMENTS = YES;
				CLANG_WARN_EMPTY_BODY = YES;
				CLANG_WARN_ENUM_CONVERSION = YES;
				CLANG_WARN_INFINITE_RECURSION = YES;
				CLANG_WARN_INT_CONVERSION = YES;
				CLANG_WARN_NON_LITERAL_NULL_CONVERSION = YES;
				CLANG_WARN_OBJC_IMPLICIT_RETAIN_SELF = YES;
				CLANG_WARN_OBJC_LITERAL_CONVERSION = YES;
				CLANG_WARN_OBJC_ROOT_CLASS = YES_ERROR;
				CLANG_WARN_QUOTED_INCLUDE_IN_FRAMEWORK_HEADER = YES;
				CLANG_WARN_RANGE_LOOP_ANALYSIS = YES;
				CLANG_WARN_STRICT_PROTOTYPES = YES;
				CLANG_WARN_SUSPICIOUS_MOVE = YES;
				CLANG_WARN_UNGUARDED_AVAILABILITY = YES_AGGRESSIVE;
				CLANG_WARN_UNREACHABLE_CODE = YES;
				CLANG_WARN__DUPLICATE_METHOD_MATCH = YES;
				COPY_PHASE_STRIP = NO;
				DEBUG_INFORMATION_FORMAT = "dwarf-with-dsym";
				ENABLE_NS_ASSERTIONS = NO;
				ENABLE_STRICT_OBJC_MSGSEND = YES;
				ENABLE_USER_SCRIPT_SANDBOXING = YES;
				GCC_C_LANGUAGE_STANDARD = gnu17;
				GCC_NO_COMMON_BLOCKS = YES;
				GCC_WARN_64_TO_32_BIT_CONVERSION = YES;
				GCC_WARN_ABOUT_RETURN_TYPE = YES_ERROR;
				GCC_WARN_UNDECLARED_SELECTOR = YES;
				GCC_WARN_UNINITIALIZED_AUTOS = YES_AGGRESSIVE;
				GCC_WARN_UNUSED_FUNCTION = YES;
				GCC_WARN_UNUSED_VARIABLE = YES;
				IPHONEOS_DEPLOYMENT_TARGET = 18.0;
				LOCALIZATION_PREFERS_STRING_CATALOGS = YES;
				MTL_ENABLE_DEBUG_INFO = NO;
				MTL_FAST_MATH = YES;
				SDKROOT = iphoneos;
				SWIFT_COMPILATION_MODE = wholemodule;
				VALIDATE_PRODUCT = YES;
			};
			name = Release;
		};
		D92A7D712CB9971800AE2FF6 /* Debug */ = {
			isa = XCBuildConfiguration;
			buildSettings = {
				ASSETCATALOG_COMPILER_APPICON_NAME = AppIcon;
				ASSETCATALOG_COMPILER_GLOBAL_ACCENT_COLOR_NAME = AccentColor;
				CODE_SIGN_STYLE = Automatic;
				CURRENT_PROJECT_VERSION = 1;
				DEVELOPMENT_ASSET_PATHS = "\"hellerWorld/Preview Content\"";
				DEVELOPMENT_TEAM = 3P95LFN7R4;
				ENABLE_PREVIEWS = YES;
				GENERATE_INFOPLIST_FILE = YES;
				INFOPLIST_KEY_UIApplicationSceneManifest_Generation = YES;
				INFOPLIST_KEY_UIApplicationSupportsIndirectInputEvents = YES;
				INFOPLIST_KEY_UILaunchScreen_Generation = YES;
				INFOPLIST_KEY_UISupportedInterfaceOrientations_iPad = "UIInterfaceOrientationPortrait UIInterfaceOrientationPortraitUpsideDown UIInterfaceOrientationLandscapeLeft UIInterfaceOrientationLandscapeRight";
				INFOPLIST_KEY_UISupportedInterfaceOrientations_iPhone = "UIInterfaceOrientationPortrait UIInterfaceOrientationLandscapeLeft UIInterfaceOrientationLandscapeRight";
				LD_RUNPATH_SEARCH_PATHS = (
					"$(inherited)",
					"@executable_path/Frameworks",
				);
				MARKETING_VERSION = 1.0;
				PRODUCT_BUNDLE_IDENTIFIER = cs184.hellerWorld;
				PRODUCT_NAME = "$(TARGET_NAME)";
				SWIFT_EMIT_LOC_STRINGS = YES;
				SWIFT_VERSION = 5.0;
				TARGETED_DEVICE_FAMILY = "1,2";
			};
			name = Debug;
		};
		D92A7D722CB9971800AE2FF6 /* Release */ = {
			isa = XCBuildConfiguration;
			buildSettings = {
				ASSETCATALOG_COMPILER_APPICON_NAME = AppIcon;
				ASSETCATALOG_COMPILER_GLOBAL_ACCENT_COLOR_NAME = AccentColor;
				CODE_SIGN_STYLE = Automatic;
				CURRENT_PROJECT_VERSION = 1;
				DEVELOPMENT_ASSET_PATHS = "\"hellerWorld/Preview Content\"";
				DEVELOPMENT_TEAM = 3P95LFN7R4;
				ENABLE_PREVIEWS = YES;
				GENERATE_INFOPLIST_FILE = YES;
				INFOPLIST_KEY_UIApplicationSceneManifest_Generation = YES;
				INFOPLIST_KEY_UIApplicationSupportsIndirectInputEvents = YES;
				INFOPLIST_KEY_UILaunchScreen_Generation = YES;
				INFOPLIST_KEY_UISupportedInterfaceOrientations_iPad = "UIInterfaceOrientationPortrait UIInterfaceOrientationPortraitUpsideDown UIInterfaceOrientationLandscapeLeft UIInterfaceOrientationLandscapeRight";
				INFOPLIST_KEY_UISupportedInterfaceOrientations_iPhone = "UIInterfaceOrientationPortrait UIInterfaceOrientationLandscapeLeft UIInterfaceOrientationLandscapeRight";
				LD_RUNPATH_SEARCH_PATHS = (
					"$(inherited)",
					"@executable_path/Frameworks",
				);
				MARKETING_VERSION = 1.0;
				PRODUCT_BUNDLE_IDENTIFIER = cs184.hellerWorld;
				PRODUCT_NAME = "$(TARGET_NAME)";
				SWIFT_EMIT_LOC_STRINGS = YES;
				SWIFT_VERSION = 5.0;
				TARGETED_DEVICE_FAMILY = "1,2";
			};
			name = Release;
		};
		D92A7D742CB9971800AE2FF6 /* Debug */ = {
			isa = XCBuildConfiguration;
			buildSettings = {
				BUNDLE_LOADER = "$(TEST_HOST)";
				CODE_SIGN_STYLE = Automatic;
				CURRENT_PROJECT_VERSION = 1;
				DEVELOPMENT_TEAM = 3P95LFN7R4;
				GENERATE_INFOPLIST_FILE = YES;
				IPHONEOS_DEPLOYMENT_TARGET = 18.0;
				MARKETING_VERSION = 1.0;
				PRODUCT_BUNDLE_IDENTIFIER = cs184.hellerWorldTests;
				PRODUCT_NAME = "$(TARGET_NAME)";
				SWIFT_EMIT_LOC_STRINGS = NO;
				SWIFT_VERSION = 5.0;
				TARGETED_DEVICE_FAMILY = "1,2";
				TEST_HOST = "$(BUILT_PRODUCTS_DIR)/hellerWorld.app/$(BUNDLE_EXECUTABLE_FOLDER_PATH)/hellerWorld";
			};
			name = Debug;
		};
		D92A7D752CB9971800AE2FF6 /* Release */ = {
			isa = XCBuildConfiguration;
			buildSettings = {
				BUNDLE_LOADER = "$(TEST_HOST)";
				CODE_SIGN_STYLE = Automatic;
				CURRENT_PROJECT_VERSION = 1;
				DEVELOPMENT_TEAM = 3P95LFN7R4;
				GENERATE_INFOPLIST_FILE = YES;
				IPHONEOS_DEPLOYMENT_TARGET = 18.0;
				MARKETING_VERSION = 1.0;
				PRODUCT_BUNDLE_IDENTIFIER = cs184.hellerWorldTests;
				PRODUCT_NAME = "$(TARGET_NAME)";
				SWIFT_EMIT_LOC_STRINGS = NO;
				SWIFT_VERSION = 5.0;
				TARGETED_DEVICE_FAMILY = "1,2";
				TEST_HOST = "$(BUILT_PRODUCTS_DIR)/hellerWorld.app/$(BUNDLE_EXECUTABLE_FOLDER_PATH)/hellerWorld";
			};
			name = Release;
		};
		D92A7D772CB9971800AE2FF6 /* Debug */ = {
			isa = XCBuildConfiguration;
			buildSettings = {
				CODE_SIGN_STYLE = Automatic;
				CURRENT_PROJECT_VERSION = 1;
				DEVELOPMENT_TEAM = 3P95LFN7R4;
				GENERATE_INFOPLIST_FILE = YES;
				MARKETING_VERSION = 1.0;
				PRODUCT_BUNDLE_IDENTIFIER = cs184.hellerWorldUITests;
				PRODUCT_NAME = "$(TARGET_NAME)";
				SWIFT_EMIT_LOC_STRINGS = NO;
				SWIFT_VERSION = 5.0;
				TARGETED_DEVICE_FAMILY = "1,2";
				TEST_TARGET_NAME = hellerWorld;
			};
			name = Debug;
		};
		D92A7D782CB9971800AE2FF6 /* Release */ = {
			isa = XCBuildConfiguration;
			buildSettings = {
				CODE_SIGN_STYLE = Automatic;
				CURRENT_PROJECT_VERSION = 1;
				DEVELOPMENT_TEAM = 3P95LFN7R4;
				GENERATE_INFOPLIST_FILE = YES;
				MARKETING_VERSION = 1.0;
				PRODUCT_BUNDLE_IDENTIFIER = cs184.hellerWorldUITests;
				PRODUCT_NAME = "$(TARGET_NAME)";
				SWIFT_EMIT_LOC_STRINGS = NO;
				SWIFT_VERSION = 5.0;
				TARGETED_DEVICE_FAMILY = "1,2";
				TEST_TARGET_NAME = hellerWorld;
			};
			name = Release;
		};
/* End XCBuildConfiguration section */

/* Begin XCConfigurationList section */
		D92A7D472CB996E400AE2FF6 /* Build configuration list for PBXProject "hellerWorld" */ = {
			isa = XCConfigurationList;
			buildConfigurations = (
				D92A7D6E2CB9971800AE2FF6 /* Debug */,
				D92A7D6F2CB9971800AE2FF6 /* Release */,
			);
			defaultConfigurationIsVisible = 0;
			defaultConfigurationName = Release;
		};
		D92A7D702CB9971800AE2FF6 /* Build configuration list for PBXNativeTarget "hellerWorld" */ = {
			isa = XCConfigurationList;
			buildConfigurations = (
				D92A7D712CB9971800AE2FF6 /* Debug */,
				D92A7D722CB9971800AE2FF6 /* Release */,
			);
			defaultConfigurationIsVisible = 0;
			defaultConfigurationName = Release;
		};
		D92A7D732CB9971800AE2FF6 /* Build configuration list for PBXNativeTarget "hellerWorldTests" */ = {
			isa = XCConfigurationList;
			buildConfigurations = (
				D92A7D742CB9971800AE2FF6 /* Debug */,
				D92A7D752CB9971800AE2FF6 /* Release */,
			);
			defaultConfigurationIsVisible = 0;
			defaultConfigurationName = Release;
		};
		D92A7D762CB9971800AE2FF6 /* Build configuration list for PBXNativeTarget "hellerWorldUITests" */ = {
			isa = XCConfigurationList;
			buildConfigurations = (
				D92A7D772CB9971800AE2FF6 /* Debug */,
				D92A7D782CB9971800AE2FF6 /* Release */,
			);
			defaultConfigurationIsVisible = 0;
			defaultConfigurationName = Release;
		};
/* End XCConfigurationList section */
	};
	rootObject = D92A7D442CB996E400AE2FF6 /* Project object */;
}
